github.com/appleboy/golang-private v0.0.0-20200223023835-25ea60928b3a h1:OfuFKoT3Klgq40vkFvuhQ5WK+7mMGFMUFrvFywSUubo=
github.com/appleboy/golang-private v0.0.0-20200223023835-25ea60928b3a/go.mod h1:GhVlSyuzzTnJPs6LNh3JwknzYnm1j3WxD2IVf+MzyOE=
github.com/appleboy/golang-private v0.0.1 h1:KyNhtGBBeDkS0DKXZlm5vJ9ju2QdKoi+GEYWbW3Gj7M=
github.com/appleboy/golang-private v0.0.1/go.mod h1:GhVlSyuzzTnJPs6LNh3JwknzYnm1j3WxD2IVf+MzyOE=
